
Microsoft Visual Studio Solution File, Format Version 12.00
# Visual Studio Version 16
VisualStudioVersion = 16.0.30907.101
MinimumVisualStudioVersion = 10.0.40219.1
Project("{FAE04EC0-301F-11D3-BF4B-00C04F79EFBC}") = "ChapeauDAL", "chapeauDAL\ChapeauDAL.csproj", "{E67BA7A1-02F4-4A86-BB41-E58C1C7E686D}"
EndProject
Project("{FAE04EC0-301F-11D3-BF4B-00C04F79EFBC}") = "ChapeauLogic", "chapeauLogic\ChapeauLogic.csproj", "{0A3C0AE2-2D1B-4655-99ED-915EA6E9E667}"
EndProject
Project("{FAE04EC0-301F-11D3-BF4B-00C04F79EFBC}") = "ChapeauModel", "ChapeauModel\ChapeauModel.csproj", "{8711FC15-FFD0-47C6-B153-B9BCC65F083E}"
EndProject
Project("{FAE04EC0-301F-11D3-BF4B-00C04F79EFBC}") = "ChapeauUI", "ChapeauUI\ChapeauUI.csproj", "{9266B0AB-3F5A-4CFE-973B-735AF7EE8193}"
EndProject
Global
	GlobalSection(SolutionConfigurationPlatforms) = preSolution
		Debug|Any CPU = Debug|Any CPU
		Release|Any CPU = Release|Any CPU
	EndGlobalSection
	GlobalSection(ProjectConfigurationPlatforms) = postSolution
		{E67BA7A1-02F4-4A86-BB41-E58C1C7E686D}.Debug|Any CPU.ActiveCfg = Debug|Any CPU
		{E67BA7A1-02F4-4A86-BB41-E58C1C7E686D}.Debug|Any CPU.Build.0 = Debug|Any CPU
		{E67BA7A1-02F4-4A86-BB41-E58C1C7E686D}.Release|Any CPU.ActiveCfg = Release|Any CPU
		{E67BA7A1-02F4-4A86-BB41-E58C1C7E686D}.Release|Any CPU.Build.0 = Release|Any CPU
		{0A3C0AE2-2D1B-4655-99ED-915EA6E9E667}.Debug|Any CPU.ActiveCfg = Debug|Any CPU
		{0A3C0AE2-2D1B-4655-99ED-915EA6E9E667}.Debug|Any CPU.Build.0 = Debug|Any CPU
		{0A3C0AE2-2D1B-4655-99ED-915EA6E9E667}.Release|Any CPU.ActiveCfg = Release|Any CPU
		{0A3C0AE2-2D1B-4655-99ED-915EA6E9E667}.Release|Any CPU.Build.0 = Release|Any CPU
		{8711FC15-FFD0-47C6-B153-B9BCC65F083E}.Debug|Any CPU.ActiveCfg = Debug|Any CPU
		{8711FC15-FFD0-47C6-B153-B9BCC65F083E}.Debug|Any CPU.Build.0 = Debug|Any CPU
		{8711FC15-FFD0-47C6-B153-B9BCC65F083E}.Release|Any CPU.ActiveCfg = Release|Any CPU
		{8711FC15-FFD0-47C6-B153-B9BCC65F083E}.Release|Any CPU.Build.0 = Release|Any CPU
		{9266B0AB-3F5A-4CFE-973B-735AF7EE8193}.Debug|Any CPU.ActiveCfg = Debug|Any CPU
		{9266B0AB-3F5A-4CFE-973B-735AF7EE8193}.Debug|Any CPU.Build.0 = Debug|Any CPU
		{9266B0AB-3F5A-4CFE-973B-735AF7EE8193}.Release|Any CPU.ActiveCfg = Release|Any CPU
		{9266B0AB-3F5A-4CFE-973B-735AF7EE8193}.Release|Any CPU.Build.0 = Release|Any CPU
	EndGlobalSection
	GlobalSection(SolutionProperties) = preSolution
		HideSolutionNode = FALSE
	EndGlobalSection
	GlobalSection(ExtensibilityGlobals) = postSolution
		SolutionGuid = {B4733C02-7797-4064-AB60-B38AA44B82D1}
	EndGlobalSection
EndGlobal
